uuid: b7d3093d-776f-4d3e-a6d0-173ab12ef7ea
langcode: en
status: true
dependencies:
  module:
    - custom_form
  theme:
    - boostrap_subtheme
id: boostrap_subtheme_articleblock
theme: boostrap_subtheme
region: content
weight: 0
provider: null
plugin: article
settings:
  id: article
  label: 'Article block'
  provider: custom_form
  label_display: '0'
visibility: {  }
